
Microsoft Visual Studio Solution File, Format Version 11.00
# Visual Studio Version 17

Project("{8BC9CEB8-8B4A-11D0-8D11-00A0C91BC942}") = "TeLeQ - Standalone Plugin", "TeLeQ_StandalonePlugin.vcxproj", "{86B033AD-45CE-FF4C-AFCB-75E71829A69A}"
	ProjectSection(ProjectDependencies) = postProject
		{E016C69E-3E93-675B-F15D-8EBA3529D4DC} = {E016C69E-3E93-675B-F15D-8EBA3529D4DC}
	EndProjectSection
EndProject
Project("{8BC9CEB8-8B4A-11D0-8D11-00A0C91BC942}") = "TeLeQ - VST3", "TeLeQ_VST3.vcxproj", "{D0FA08DF-F78E-7BF5-D7F4-63676B40001D}"
	ProjectSection(ProjectDependencies) = postProject
		{E016C69E-3E93-675B-F15D-8EBA3529D4DC} = {E016C69E-3E93-675B-F15D-8EBA3529D4DC}
		{39F9212E-44EC-C2D6-22D4-608600DE968A} = {39F9212E-44EC-C2D6-22D4-608600DE968A}
	EndProjectSection
EndProject
Project("{8BC9CEB8-8B4A-11D0-8D11-00A0C91BC942}") = "TeLeQ - AAX", "TeLeQ_AAX.vcxproj", "{0271DFB9-564F-BB84-AE57-537AA5FCD093}"
	ProjectSection(ProjectDependencies) = postProject
		{E016C69E-3E93-675B-F15D-8EBA3529D4DC} = {E016C69E-3E93-675B-F15D-8EBA3529D4DC}
	EndProjectSection
EndProject
Project("{8BC9CEB8-8B4A-11D0-8D11-00A0C91BC942}") = "TeLeQ - Shared Code", "TeLeQ_SharedCode.vcxproj", "{E016C69E-3E93-675B-F15D-8EBA3529D4DC}"
EndProject
Project("{8BC9CEB8-8B4A-11D0-8D11-00A0C91BC942}") = "TeLeQ - VST3 Manifest Helper", "TeLeQ_VST3ManifestHelper.vcxproj", "{39F9212E-44EC-C2D6-22D4-608600DE968A}"
EndProject
Global
	GlobalSection(SolutionConfigurationPlatforms) = preSolution
		Debug|x64 = Debug|x64
		Release|x64 = Release|x64
	EndGlobalSection
	GlobalSection(ProjectConfigurationPlatforms) = postSolution
		{D0FA08DF-F78E-7BF5-D7F4-63676B40001D}.Debug|x64.ActiveCfg = Debug|x64
		{D0FA08DF-F78E-7BF5-D7F4-63676B40001D}.Debug|x64.Build.0 = Debug|x64
		{D0FA08DF-F78E-7BF5-D7F4-63676B40001D}.Release|x64.ActiveCfg = Release|x64
		{D0FA08DF-F78E-7BF5-D7F4-63676B40001D}.Release|x64.Build.0 = Release|x64
		{0271DFB9-564F-BB84-AE57-537AA5FCD093}.Debug|x64.ActiveCfg = Debug|x64
		{0271DFB9-564F-BB84-AE57-537AA5FCD093}.Debug|x64.Build.0 = Debug|x64
		{0271DFB9-564F-BB84-AE57-537AA5FCD093}.Release|x64.ActiveCfg = Release|x64
		{0271DFB9-564F-BB84-AE57-537AA5FCD093}.Release|x64.Build.0 = Release|x64
		{86B033AD-45CE-FF4C-AFCB-75E71829A69A}.Debug|x64.ActiveCfg = Debug|x64
		{86B033AD-45CE-FF4C-AFCB-75E71829A69A}.Debug|x64.Build.0 = Debug|x64
		{86B033AD-45CE-FF4C-AFCB-75E71829A69A}.Release|x64.ActiveCfg = Release|x64
		{86B033AD-45CE-FF4C-AFCB-75E71829A69A}.Release|x64.Build.0 = Release|x64
		{E016C69E-3E93-675B-F15D-8EBA3529D4DC}.Debug|x64.ActiveCfg = Debug|x64
		{E016C69E-3E93-675B-F15D-8EBA3529D4DC}.Debug|x64.Build.0 = Debug|x64
		{E016C69E-3E93-675B-F15D-8EBA3529D4DC}.Release|x64.ActiveCfg = Release|x64
		{E016C69E-3E93-675B-F15D-8EBA3529D4DC}.Release|x64.Build.0 = Release|x64
		{39F9212E-44EC-C2D6-22D4-608600DE968A}.Debug|x64.ActiveCfg = Debug|x64
		{39F9212E-44EC-C2D6-22D4-608600DE968A}.Debug|x64.Build.0 = Debug|x64
		{39F9212E-44EC-C2D6-22D4-608600DE968A}.Release|x64.ActiveCfg = Release|x64
		{39F9212E-44EC-C2D6-22D4-608600DE968A}.Release|x64.Build.0 = Release|x64
	EndGlobalSection
	GlobalSection(SolutionProperties) = preSolution
		HideSolutionNode = FALSE
	EndGlobalSection
EndGlobal
